{
  "name": "@scaife-viewer/widget-dictionary-entries",
  "version": "0.6.0",
  "lockfileVersion": 1,
  "requires": true,
  "dependencies": {
    "@fortawesome/fontawesome-common-types": {
      "version": "0.2.36",
      "resolved": "https://registry.npmjs.org/@fortawesome/fontawesome-common-types/-/fontawesome-common-types-0.2.36.tgz",
      "integrity": "sha512-a/7BiSgobHAgBWeN7N0w+lAhInrGxksn13uK7231n2m8EDPE3BMCl9NZLTGrj9ZXfCmC6LM0QLqXidIizVQ6yg=="
    },
    "@fortawesome/fontawesome-svg-core": {
      "version": "1.2.36",
      "resolved": "https://registry.npmjs.org/@fortawesome/fontawesome-svg-core/-/fontawesome-svg-core-1.2.36.tgz",
      "integrity": "sha512-YUcsLQKYb6DmaJjIHdDWpBIGCcyE/W+p/LMGvjQem55Mm2XWVAP5kWTMKWLv9lwpCVjpLxPyOMOyUocP1GxrtA==",
      "requires": {
        "@fortawesome/fontawesome-common-types": "^0.2.36"
      }
    },
    "@fortawesome/free-solid-svg-icons": {
      "version": "5.15.3",
      "resolved": "https://registry.npmjs.org/@fortawesome/free-solid-svg-icons/-/free-solid-svg-icons-5.15.3.tgz",
      "integrity": "sha512-XPeeu1IlGYqz4VWGRAT5ukNMd4VHUEEJ7ysZ7pSSgaEtNvSo+FLurybGJVmiqkQdK50OkSja2bfZXOeyMGRD8Q==",
      "requires": {
        "@fortawesome/fontawesome-common-types": "^0.2.35"
      }
    },
    "@fortawesome/vue-fontawesome": {
      "version": "0.1.10",
      "resolved": "https://registry.npmjs.org/@fortawesome/vue-fontawesome/-/vue-fontawesome-0.1.10.tgz",
      "integrity": "sha512-b2+SLF31h32LSepVcXe+BQ63yvbq5qmTCy4KfFogCYm2bn68H5sDWUnX+U7MBqnM2aeEk9M7xSoqGnu+wSdY6w=="
    },
    "@scaife-viewer/common": {
      "version": "0.4.0",
      "resolved": "https://registry.npmjs.org/@scaife-viewer/common/-/common-0.4.0.tgz",
      "integrity": "sha512-vC5timRAMrtFv0Y1Nu71nvRTWIIhqbnESnqkdeF4NXFPGNeTdqu5pt+xHcmsEMcPXBg0uixBeOeug8kHAWinNg==",
      "requires": {
        "@fortawesome/fontawesome-svg-core": "^1.2.28",
        "@fortawesome/free-solid-svg-icons": "^5.14.0",
        "@fortawesome/vue-fontawesome": "^0.1.8",
        "lodash.debounce": "^4.0.8"
      }
    },
    "@scaife-viewer/store": {
      "version": "0.5.0-beta.1",
      "resolved": "https://registry.npmjs.org/@scaife-viewer/store/-/store-0.5.0-beta.1.tgz",
      "integrity": "sha512-ratg2BZ4cPNyrq1svYwqSyJVJPJrEz3o6+UMB/Jd4PL4OvJK4TmpJeIPTdFBw88TCej2MopW2XlS2vs51BBQrA==",
      "requires": {
        "@scaife-viewer/common": "^0.4.0",
        "graphql-tag": "^2.10.3"
      }
    },
    "CETEIcean": {
      "version": "1.8.0",
      "resolved": "https://registry.npmjs.org/CETEIcean/-/CETEIcean-1.8.0.tgz",
      "integrity": "sha512-x0kEFFKpO21hkemPt5w8/IezQEL3suUfEeYpLbw98Y/0WH5wlbDKEpmpQLR02/2dTL2kFE+sHUCmeAVDD816YA=="
    },
    "graphql-tag": {
      "version": "2.12.6",
      "resolved": "https://registry.npmjs.org/graphql-tag/-/graphql-tag-2.12.6.tgz",
      "integrity": "sha512-FdSNcu2QQcWnM2VNvSCCDCVS5PpPqpzgFT8+GXzqJuoDd0CBncxCY278u4mhRO7tMgo2JjgJA5aZ+nWSQ/Z+xg==",
      "requires": {
        "tslib": "^2.1.0"
      }
    },
    "lodash.debounce": {
      "version": "4.0.8",
      "resolved": "https://registry.npmjs.org/lodash.debounce/-/lodash.debounce-4.0.8.tgz",
      "integrity": "sha512-FT1yDzDYEoYWhnSGnpE/4Kj1fLZkDFyqRb7fNt6FdYOSxlUWAtp42Eh6Wb0rGIv/m9Bgo7x4GhQbm5Ys4SG5ow=="
    },
    "portal-vue": {
      "version": "2.1.7",
      "resolved": "https://registry.npmjs.org/portal-vue/-/portal-vue-2.1.7.tgz",
      "integrity": "sha512-+yCno2oB3xA7irTt0EU5Ezw22L2J51uKAacE/6hMPMoO/mx3h4rXFkkBkT4GFsMDv/vEe8TNKC3ujJJ0PTwb6g=="
    },
    "sass.js": {
      "version": "0.11.1",
      "resolved": "https://registry.npmjs.org/sass.js/-/sass.js-0.11.1.tgz",
      "integrity": "sha512-X9AtzYFr/HZ+pDIxX6xN74w/H9JjnDHqZcsYY8mr/SpCyhDVN1pJ3G0Q9rb+z3pZ7obZdYuTYMbKl1ALuhbZDw=="
    },
    "tslib": {
      "version": "2.6.2",
      "resolved": "https://registry.npmjs.org/tslib/-/tslib-2.6.2.tgz",
      "integrity": "sha512-AEYxH93jGFPn/a2iVAwW87VuUIkR1FVUKB77NwMF7nBTDkDrrT/Hpt/IrCJ0QXhW27jTBDcf5ZY7w6RiqTMw2Q=="
    }
  }
}
