{
  "name": "@scaife-viewer/widget-attributions",
  "version": "0.6.0",
  "lockfileVersion": 1,
  "requires": true,
  "dependencies": {
    "@fortawesome/fontawesome-common-types": {
      "version": "0.2.34",
      "resolved": "https://registry.npmjs.org/@fortawesome/fontawesome-common-types/-/fontawesome-common-types-0.2.34.tgz",
      "integrity": "sha512-XcIn3iYbTEzGIxD0/dY5+4f019jIcEIWBiHc3KrmK/ROahwxmZ/s+tdj97p/5K0klz4zZUiMfUlYP0ajhSJjmA=="
    },
    "@fortawesome/fontawesome-svg-core": {
      "version": "1.2.34",
      "resolved": "https://registry.npmjs.org/@fortawesome/fontawesome-svg-core/-/fontawesome-svg-core-1.2.34.tgz",
      "integrity": "sha512-0KNN0nc5eIzaJxlv43QcDmTkDY1CqeN6J7OCGSs+fwGPdtv0yOQqRjieopBCmw+yd7uD3N2HeNL3Zm5isDleLg==",
      "requires": {
        "@fortawesome/fontawesome-common-types": "^0.2.34"
      }
    },
    "@fortawesome/free-solid-svg-icons": {
      "version": "5.15.2",
      "resolved": "https://registry.npmjs.org/@fortawesome/free-solid-svg-icons/-/free-solid-svg-icons-5.15.2.tgz",
      "integrity": "sha512-ZfCU+QjaFsdNZmOGmfqEWhzI3JOe37x5dF4kz9GeXvKn/sTxhqMtZ7mh3lBf76SvcYY5/GKFuyG7p1r4iWMQqw==",
      "requires": {
        "@fortawesome/fontawesome-common-types": "^0.2.34"
      }
    },
    "@fortawesome/vue-fontawesome": {
      "version": "0.1.10",
      "resolved": "https://registry.npmjs.org/@fortawesome/vue-fontawesome/-/vue-fontawesome-0.1.10.tgz",
      "integrity": "sha512-b2+SLF31h32LSepVcXe+BQ63yvbq5qmTCy4KfFogCYm2bn68H5sDWUnX+U7MBqnM2aeEk9M7xSoqGnu+wSdY6w=="
    },
    "@scaife-viewer/common": {
      "version": "0.0.7",
      "resolved": "https://registry.npmjs.org/@scaife-viewer/common/-/common-0.0.7.tgz",
      "integrity": "sha512-M3TgA3RD28gpBHVmHGDMrf7CmuY2HCR2BxFoQNU9Yi8RcdTAFvL10P3LfLKYgq9Us2WCoBHQ2unIQEWkuAFvwA==",
      "requires": {
        "@fortawesome/fontawesome-svg-core": "^1.2.28",
        "@fortawesome/free-solid-svg-icons": "^5.14.0",
        "@fortawesome/vue-fontawesome": "^0.1.8",
        "lodash.debounce": "^4.0.8"
      }
    },
    "@scaife-viewer/store": {
      "version": "0.0.10",
      "resolved": "https://registry.npmjs.org/@scaife-viewer/store/-/store-0.0.10.tgz",
      "integrity": "sha512-6NCl5wC8FpwKeDwC/PK75AZ3auZFEjbvMSX5HJ0GSaol7O0N7KB0jR21hDh0V3ujPQ+a/tI/dEptZWk2aDCoeg==",
      "requires": {
        "@scaife-viewer/common": "^0.0.7",
        "graphql-tag": "^2.10.3"
      }
    },
    "graphql-tag": {
      "version": "2.11.0",
      "resolved": "https://registry.npmjs.org/graphql-tag/-/graphql-tag-2.11.0.tgz",
      "integrity": "sha512-VmsD5pJqWJnQZMUeRwrDhfgoyqcfwEkvtpANqcoUG8/tOLkwNgU9mzub/Mc78OJMhHjx7gfAMTxzdG43VGg3bA=="
    },
    "lodash.debounce": {
      "version": "4.0.8",
      "resolved": "https://registry.npmjs.org/lodash.debounce/-/lodash.debounce-4.0.8.tgz",
      "integrity": "sha1-gteb/zCmfEAF/9XiUVMArZyk168="
    }
  }
}
